
Microsoft Visual Studio Solution File, Format Version 12.00
# Visual Studio Version 16
VisualStudioVersion = 16.0.30002.166
MinimumVisualStudioVersion = 10.0.40219.1
Project("{FAE04EC0-301F-11D3-BF4B-00C04F79EFBC}") = "MATHS - source", "MATHS - source\MATHS - source.csproj", "{2FD0449B-6638-4F0D-8879-FF2FCF37D072}"
EndProject
Global
	GlobalSection(SolutionConfigurationPlatforms) = preSolution
		Debug|Any CPU = Debug|Any CPU
		Release|Any CPU = Release|Any CPU
	EndGlobalSection
	GlobalSection(ProjectConfigurationPlatforms) = postSolution
		{2FD0449B-6638-4F0D-8879-FF2FCF37D072}.Debug|Any CPU.ActiveCfg = Debug|Any CPU
		{2FD0449B-6638-4F0D-8879-FF2FCF37D072}.Debug|Any CPU.Build.0 = Debug|Any CPU
		{2FD0449B-6638-4F0D-8879-FF2FCF37D072}.Release|Any CPU.ActiveCfg = Release|Any CPU
		{2FD0449B-6638-4F0D-8879-FF2FCF37D072}.Release|Any CPU.Build.0 = Release|Any CPU
	EndGlobalSection
	GlobalSection(SolutionProperties) = preSolution
		HideSolutionNode = FALSE
	EndGlobalSection
	GlobalSection(ExtensibilityGlobals) = postSolution
		SolutionGuid = {30A1D30A-9904-4D38-A172-3B3E5666B75A}
	EndGlobalSection
EndGlobal
